
Microsoft Visual Studio Solution File, Format Version 12.00
# Visual Studio Version 16
VisualStudioVersion = 16.0.30717.126
MinimumVisualStudioVersion = 10.0.40219.1
Project("{FAE04EC0-301F-11D3-BF4B-00C04F79EFBC}") = "ContactsAppUI", "ContactsAppView\ContactsAppUI.csproj", "{ADC1C9D1-2714-4118-90E6-E571E8ED9B30}"
EndProject
Project("{FAE04EC0-301F-11D3-BF4B-00C04F79EFBC}") = "ContactsApp", "ContactsApp\ContactsApp.csproj", "{0FDF0DDF-1D5F-4089-B5E5-28E67306BB76}"
EndProject
Global
	GlobalSection(SolutionConfigurationPlatforms) = preSolution
		Debug|Any CPU = Debug|Any CPU
		Release|Any CPU = Release|Any CPU
	EndGlobalSection
	GlobalSection(ProjectConfigurationPlatforms) = postSolution
		{ADC1C9D1-2714-4118-90E6-E571E8ED9B30}.Debug|Any CPU.ActiveCfg = Debug|Any CPU
		{ADC1C9D1-2714-4118-90E6-E571E8ED9B30}.Debug|Any CPU.Build.0 = Debug|Any CPU
		{ADC1C9D1-2714-4118-90E6-E571E8ED9B30}.Release|Any CPU.ActiveCfg = Release|Any CPU
		{ADC1C9D1-2714-4118-90E6-E571E8ED9B30}.Release|Any CPU.Build.0 = Release|Any CPU
		{0FDF0DDF-1D5F-4089-B5E5-28E67306BB76}.Debug|Any CPU.ActiveCfg = Debug|Any CPU
		{0FDF0DDF-1D5F-4089-B5E5-28E67306BB76}.Debug|Any CPU.Build.0 = Debug|Any CPU
		{0FDF0DDF-1D5F-4089-B5E5-28E67306BB76}.Release|Any CPU.ActiveCfg = Release|Any CPU
		{0FDF0DDF-1D5F-4089-B5E5-28E67306BB76}.Release|Any CPU.Build.0 = Release|Any CPU
	EndGlobalSection
	GlobalSection(SolutionProperties) = preSolution
		HideSolutionNode = FALSE
	EndGlobalSection
	GlobalSection(ExtensibilityGlobals) = postSolution
		SolutionGuid = {43E9F8AD-B6C0-4035-92AC-7A6E1081CD3A}
	EndGlobalSection
EndGlobal
